
Microsoft Visual Studio Solution File, Format Version 12.00
# Visual Studio Version 17
VisualStudioVersion = 17.14.36408.4 d17.14
MinimumVisualStudioVersion = 10.0.40219.1
Project("{FAE04EC0-301F-11D3-BF4B-00C04F79EFBC}") = "LR3", "LR3.csproj", "{E8D4C031-F131-4A3D-BAB6-5CE25529A870}"
EndProject
Global
	GlobalSection(SolutionConfigurationPlatforms) = preSolution
		Debug|Any CPU = Debug|Any CPU
		Release|Any CPU = Release|Any CPU
	EndGlobalSection
	GlobalSection(ProjectConfigurationPlatforms) = postSolution
		{E8D4C031-F131-4A3D-BAB6-5CE25529A870}.Debug|Any CPU.ActiveCfg = Debug|Any CPU
		{E8D4C031-F131-4A3D-BAB6-5CE25529A870}.Debug|Any CPU.Build.0 = Debug|Any CPU
		{E8D4C031-F131-4A3D-BAB6-5CE25529A870}.Release|Any CPU.ActiveCfg = Release|Any CPU
		{E8D4C031-F131-4A3D-BAB6-5CE25529A870}.Release|Any CPU.Build.0 = Release|Any CPU
	EndGlobalSection
	GlobalSection(SolutionProperties) = preSolution
		HideSolutionNode = FALSE
	EndGlobalSection
	GlobalSection(ExtensibilityGlobals) = postSolution
		SolutionGuid = {974B6860-8D98-4E5B-8735-4FF79BBC23CA}
	EndGlobalSection
EndGlobal
